
Microsoft Visual Studio Solution File, Format Version 12.00
# Visual Studio 2012
Project("{FAE04EC0-301F-11D3-BF4B-00C04F79EFBC}") = "Gistlyn.AppMac", "Gistlyn.AppMac\Gistlyn.AppMac.csproj", "{EEDF6126-BA8A-47E9-9F86-107E927C5C8F}"
EndProject
Project("{FAE04EC0-301F-11D3-BF4B-00C04F79EFBC}") = "Gistlyn.ServiceModel", "Gistlyn.ServiceModel\Gistlyn.ServiceModel.csproj", "{A949B1C2-9897-4215-A48C-D6B408E49F6B}"
EndProject
Project("{FAE04EC0-301F-11D3-BF4B-00C04F79EFBC}") = "Gistlyn.ServiceInterface", "Gistlyn.ServiceInterface\Gistlyn.ServiceInterface.csproj", "{B7EC572F-2F1C-47ED-B5FD-F34DA73F28E2}"
EndProject
Project("{FAE04EC0-301F-11D3-BF4B-00C04F79EFBC}") = "Gistlyn.SnippetEngine", "Gistlyn.SnippetEngine\Gistlyn.SnippetEngine.csproj", "{3D312AF7-F080-424D-8B30-999B7191E97C}"
EndProject
Global
	GlobalSection(SolutionConfigurationPlatforms) = preSolution
		Debug|Any CPU = Debug|Any CPU
		Release|Any CPU = Release|Any CPU
	EndGlobalSection
	GlobalSection(ProjectConfigurationPlatforms) = postSolution
		{EEDF6126-BA8A-47E9-9F86-107E927C5C8F}.Debug|Any CPU.ActiveCfg = Debug|Any CPU
		{EEDF6126-BA8A-47E9-9F86-107E927C5C8F}.Debug|Any CPU.Build.0 = Debug|Any CPU
		{EEDF6126-BA8A-47E9-9F86-107E927C5C8F}.Release|Any CPU.ActiveCfg = Release|Any CPU
		{EEDF6126-BA8A-47E9-9F86-107E927C5C8F}.Release|Any CPU.Build.0 = Release|Any CPU
		{A949B1C2-9897-4215-A48C-D6B408E49F6B}.Debug|Any CPU.ActiveCfg = Debug|Any CPU
		{A949B1C2-9897-4215-A48C-D6B408E49F6B}.Debug|Any CPU.Build.0 = Debug|Any CPU
		{A949B1C2-9897-4215-A48C-D6B408E49F6B}.Release|Any CPU.ActiveCfg = Release|Any CPU
		{A949B1C2-9897-4215-A48C-D6B408E49F6B}.Release|Any CPU.Build.0 = Release|Any CPU
		{B7EC572F-2F1C-47ED-B5FD-F34DA73F28E2}.Debug|Any CPU.ActiveCfg = Debug|Any CPU
		{B7EC572F-2F1C-47ED-B5FD-F34DA73F28E2}.Debug|Any CPU.Build.0 = Debug|Any CPU
		{B7EC572F-2F1C-47ED-B5FD-F34DA73F28E2}.Release|Any CPU.ActiveCfg = Release|Any CPU
		{B7EC572F-2F1C-47ED-B5FD-F34DA73F28E2}.Release|Any CPU.Build.0 = Release|Any CPU
		{3D312AF7-F080-424D-8B30-999B7191E97C}.Debug|Any CPU.ActiveCfg = Debug|Any CPU
		{3D312AF7-F080-424D-8B30-999B7191E97C}.Debug|Any CPU.Build.0 = Debug|Any CPU
		{3D312AF7-F080-424D-8B30-999B7191E97C}.Release|Any CPU.ActiveCfg = Release|Any CPU
		{3D312AF7-F080-424D-8B30-999B7191E97C}.Release|Any CPU.Build.0 = Release|Any CPU
	EndGlobalSection
EndGlobal
